<?xml version="1.0" encoding="utf-8"?>
<Project ToolsVersion="4.0" xmlns="http://schemas.microsoft.com/developer/msbuild/2003">
  <ItemGroup>
    <Filter Include="Source Files">
      <UniqueIdentifier>{4FC737F1-C7A5-4376-A066-2A32D752A2FF}</UniqueIdentifier>
      <Extensions>cpp;c;cc;cxx;c++;cppm;ixx;def;odl;idl;hpj;bat;asm;asmx</Extensions>
    </Filter>
    <Filter Include="Header Files">
      <UniqueIdentifier>{93995380-89BD-4b04-88EB-625FBE52EBFB}</UniqueIdentifier>
      <Extensions>h;hh;hpp;hxx;h++;hm;inl;inc;ipp;xsd</Extensions>
    </Filter>
    <Filter Include="Resource Files">
      <UniqueIdentifier>{67DA6AB6-F800-4c08-8B7A-83BB121AAD01}</UniqueIdentifier>
      <Extensions>rc;ico;cur;bmp;dlg;rc2;rct;bin;rgs;gif;jpg;jpeg;jpe;resx;tiff;tif;png;wav;mfcribbon-ms</Extensions>
    </Filter>
    <Filter Include="Resource Files\Images">
      <UniqueIdentifier>{69cfea02-2934-442f-a10b-3de1b900828d}</UniqueIdentifier>
    </Filter>
    <Filter Include="Resource Files\Images\Maps">
      <UniqueIdentifier>{01330cca-2a89-446a-aea6-14e9eb46c78e}</UniqueIdentifier>
    </Filter>
  </ItemGroup>
  <ItemGroup>
    <ClCompile Include="main.c">
      <Filter>Source Files</Filter>
    </ClCompile>
  </ItemGroup>
  <ItemGroup>
    <Image Include="..\..\..\..\Downloads\TestLevel.png">
      <Filter>Resource Files\Images\Maps</Filter>
    </Image>
    <Image Include="..\..\..\..\Downloads\icon.ico">
      <Filter>Resource Files</Filter>
    </Image>
    <Image Include="Images\UI\Icon.png">
      <Filter>Resource Files</Filter>
    </Image>
    <Image Include="Images\Entities\Arrow.png">
      <Filter>Resource Files</Filter>
    </Image>
    <Image Include="Images\Entities\Bomb.png">
      <Filter>Resource Files</Filter>
    </Image>
    <Image Include="Images\Entities\BrickParticle.png">
      <Filter>Resource Files</Filter>
    </Image>
    <Image Include="Images\Entities\DustParticle.png">
      <Filter>Resource Files</Filter>
    </Image>
    <Image Include="Images\Entities\EnemyMinion.png">
      <Filter>Resource Files</Filter>
    </Image>
    <Image Include="Images\Entities\FlashParticle.png">
      <Filter>Resource Files</Filter>
    </Image>
    <Image Include="Images\Entities\MinionShadow.png">
      <Filter>Resource Files</Filter>
    </Image>
    <Image Include="Images\Entities\ParticleFlash.png">
      <Filter>Resource Files</Filter>
    </Image>
    <Image Include="Images\Entities\PlayerMinion.png">
      <Filter>Resource Files</Filter>
    </Image>
    <Image Include="Images\Entities\Tower0.png">
      <Filter>Resource Files</Filter>
    </Image>
    <Image Include="Images\Entities\Tower1.png">
      <Filter>Resource Files</Filter>
    </Image>
    <Image Include="Images\Entities\Tower2.png">
      <Filter>Resource Files</Filter>
    </Image>
    <Image Include="Images\Entities\TowerShadow.png">
      <Filter>Resource Files</Filter>
    </Image>
    <Image Include="Images\Entities\Trap.png">
      <Filter>Resource Files</Filter>
    </Image>
    <Image Include="Images\Entities\TrapShadow.png">
      <Filter>Resource Files</Filter>
    </Image>
    <Image Include="Images\Maps\Freeplay.png">
      <Filter>Resource Files</Filter>
    </Image>
    <Image Include="Images\Maps\Level0.png">
      <Filter>Resource Files</Filter>
    </Image>
    <Image Include="Images\Maps\Level1.png">
      <Filter>Resource Files</Filter>
    </Image>
    <Image Include="Images\Maps\Level2.png">
      <Filter>Resource Files</Filter>
    </Image>
    <Image Include="Images\Maps\Level3.png">
      <Filter>Resource Files</Filter>
    </Image>
    <Image Include="Images\Maps\Level4.png">
      <Filter>Resource Files</Filter>
    </Image>
    <Image Include="Images\Maps\Level5.png">
      <Filter>Resource Files</Filter>
    </Image>
    <Image Include="Images\Maps\Level6.png">
      <Filter>Resource Files</Filter>
    </Image>
    <Image Include="Images\Maps\TestLevel.png">
      <Filter>Resource Files</Filter>
    </Image>
    <Image Include="Images\Maps\TrapTest.png">
      <Filter>Resource Files</Filter>
    </Image>
    <Image Include="Images\UI\Title.png">
      <Filter>Resource Files</Filter>
    </Image>
  </ItemGroup>
  <ItemGroup>
    <ClInclude Include="resource.h">
      <Filter>Header Files</Filter>
    </ClInclude>
  </ItemGroup>
  <ItemGroup>
    <ResourceCompile Include="Ludum-Dare-55.rc">
      <Filter>Resource Files</Filter>
    </ResourceCompile>
  </ItemGroup>
  <ItemGroup>
    <Font Include="Fonts\LilitaOne-Regular.ttf" />
  </ItemGroup>
  <ItemGroup>
    <Text Include="Fonts\OFL.txt" />
  </ItemGroup>
  <ItemGroup>
    <Media Include="Sounds\Explosion.wav">
      <Filter>Resource Files</Filter>
    </Media>
    <Media Include="Sounds\GainMoreMinions.wav">
      <Filter>Resource Files</Filter>
    </Media>
    <Media Include="Sounds\LaunchArrow.wav">
      <Filter>Resource Files</Filter>
    </Media>
    <Media Include="Sounds\LaunchBomb.wav">
      <Filter>Resource Files</Filter>
    </Media>
    <Media Include="Sounds\Lose.wav">
      <Filter>Resource Files</Filter>
    </Media>
    <Media Include="Sounds\MinionDie.wav">
      <Filter>Resource Files</Filter>
    </Media>
    <Media Include="Sounds\MinionWalk.wav">
      <Filter>Resource Files</Filter>
    </Media>
    <Media Include="Sounds\Place.wav">
      <Filter>Resource Files</Filter>
    </Media>
    <Media Include="Sounds\TowerDestroy.wav">
      <Filter>Resource Files</Filter>
    </Media>
    <Media Include="Sounds\TowerHurt.wav">
      <Filter>Resource Files</Filter>
    </Media>
    <Media Include="Sounds\Win.wav">
      <Filter>Resource Files</Filter>
    </Media>
    <Media Include="Sounds\Win2.wav">
      <Filter>Resource Files</Filter>
    </Media>
  </ItemGroup>
</Project>